{
  "name": "TeamAssignment4A",
  "lockfileVersion": 2,
  "requires": true,
  "packages": {
    "": {
      "dependencies": {
        "@ckeditor/ckeditor5-alignment": "^36.0.0",
        "@ckeditor/ckeditor5-build-classic": "^36.0.0",
        "@ckeditor/ckeditor5-image": "^36.0.0"
      }
    },
    "node_modules/@ckeditor/ckeditor5-adapter-ckfinder": {
      "version": "36.0.0",
      "resolved": "https://registry.npmjs.org/@ckeditor/ckeditor5-adapter-ckfinder/-/ckeditor5-adapter-ckfinder-36.0.0.tgz",
      "integrity": "sha512-9tDrS+8LV3PQDxvCI7lGKmqSAd7Mdd8b2KYgR8jyDwWmLlhUMZbNFsTJfHlYh4cBTrKGh4qkaw6I0fyEHPMrMg==",
      "dependencies": {
        "ckeditor5": "^36.0.0"
      },
      "engines": {
        "node": ">=14.0.0",
        "npm": ">=5.7.1"
      }
    },
    "node_modules/@ckeditor/ckeditor5-alignment": {
      "version": "36.0.0",
      "resolved": "https://registry.npmjs.org/@ckeditor/ckeditor5-alignment/-/ckeditor5-alignment-36.0.0.tgz",
      "integrity": "sha512-AW0naurc2JIHgNCWhQjJCBVdKxoVgZQQ0ALqHMPMApPe4o3BBU6jTF6e3+E/J92iwyN3acIfWU16fyS7h0eRsA==",
      "dependencies": {
        "ckeditor5": "^36.0.0"
      },
      "engines": {
        "node": ">=14.0.0",
        "npm": ">=5.7.1"
      }
    },
    "node_modules/@ckeditor/ckeditor5-autoformat": {
      "version": "36.0.0",
      "resolved": "https://registry.npmjs.org/@ckeditor/ckeditor5-autoformat/-/ckeditor5-autoformat-36.0.0.tgz",
      "integrity": "sha512-M4yi6ltvNjfNuqQJUwJpobmzpe8InowCymvWQmv0fOLZNO4QWYZ22WoBKY4blw2A7PePeJbaGhbDWusU5PWHEw==",
      "dependencies": {
        "ckeditor5": "^36.0.0"
      },
      "engines": {
        "node": ">=14.0.0",
        "npm": ">=5.7.1"
      }
    },
    "node_modules/@ckeditor/ckeditor5-basic-styles": {
      "version": "36.0.0",
      "resolved": "https://registry.npmjs.org/@ckeditor/ckeditor5-basic-styles/-/ckeditor5-basic-styles-36.0.0.tgz",
      "integrity": "sha512-bU+XLQSSmsDRRgAfzPyi9nKaF4m4WbvvsKQEXqeybbgR6T+eX1gf7s0mwyPCqu4SJWZapHPd2/t27kWd5Ve5yw==",
      "dependencies": {
        "ckeditor5": "^36.0.0"
      },
      "engines": {
        "node": ">=14.0.0",
        "npm": ">=5.7.1"
      }
    },
    "node_modules/@ckeditor/ckeditor5-block-quote": {
      "version": "36.0.0",
      "resolved": "https://registry.npmjs.org/@ckeditor/ckeditor5-block-quote/-/ckeditor5-block-quote-36.0.0.tgz",
      "integrity": "sha512-vKUYMjgBQ3lA4vKLi5kM6vNR1qt8cS5JA5EHPjXH6UmISoTduh2yRn5mJsNIrLSv3ZCMXJE+Pvkp2iH9O3fSiA==",
      "dependencies": {
        "ckeditor5": "^36.0.0"
      },
      "engines": {
        "node": ">=14.0.0",
        "npm": ">=5.7.1"
      }
    },
    "node_modules/@ckeditor/ckeditor5-build-classic": {
      "version": "36.0.0",
      "resolved": "https://registry.npmjs.org/@ckeditor/ckeditor5-build-classic/-/ckeditor5-build-classic-36.0.0.tgz",
      "integrity": "sha512-s49FMHqR1ThHHb3YPwBa+X6IIMLxw/mIKnD9jiJtmKQsEelNcp15TCeU7FoI8MD2xMgS6RfyNOtQ0ZBtmlkL0Q==",
      "dependencies": {
        "@ckeditor/ckeditor5-adapter-ckfinder": "^36.0.0",
        "@ckeditor/ckeditor5-autoformat": "^36.0.0",
        "@ckeditor/ckeditor5-basic-styles": "^36.0.0",
        "@ckeditor/ckeditor5-block-quote": "^36.0.0",
        "@ckeditor/ckeditor5-ckbox": "^36.0.0",
        "@ckeditor/ckeditor5-ckfinder": "^36.0.0",
        "@ckeditor/ckeditor5-cloud-services": "^36.0.0",
        "@ckeditor/ckeditor5-easy-image": "^36.0.0",
        "@ckeditor/ckeditor5-editor-classic": "^36.0.0",
        "@ckeditor/ckeditor5-essentials": "^36.0.0",
        "@ckeditor/ckeditor5-heading": "^36.0.0",
        "@ckeditor/ckeditor5-image": "^36.0.0",
        "@ckeditor/ckeditor5-indent": "^36.0.0",
        "@ckeditor/ckeditor5-link": "^36.0.0",
        "@ckeditor/ckeditor5-list": "^36.0.0",
        "@ckeditor/ckeditor5-media-embed": "^36.0.0",
        "@ckeditor/ckeditor5-paragraph": "^36.0.0",
        "@ckeditor/ckeditor5-paste-from-office": "^36.0.0",
        "@ckeditor/ckeditor5-table": "^36.0.0",
        "@ckeditor/ckeditor5-typing": "^36.0.0"
      },
      "engines": {
        "node": ">=14.0.0",
        "npm": ">=5.7.1"
      }
    },
    "node_modules/@ckeditor/ckeditor5-ckbox": {
      "version": "36.0.0",
      "resolved": "https://registry.npmjs.org/@ckeditor/ckeditor5-ckbox/-/ckeditor5-ckbox-36.0.0.tgz",
      "integrity": "sha512-Umj2i7vP4mFzkRKb/OqWKYcSfCZTn1bXGE9zvKNyoKBu0WmHFToIPRJi/gajzrGYpeaMJZkJ300UFLRKgihrjg==",
      "dependencies": {
        "ckeditor5": "^36.0.0"
      },
      "engines": {
        "node": ">=14.0.0",
        "npm": ">=5.7.1"
      }
    },
    "node_modules/@ckeditor/ckeditor5-ckfinder": {
      "version": "36.0.0",
      "resolved": "https://registry.npmjs.org/@ckeditor/ckeditor5-ckfinder/-/ckeditor5-ckfinder-36.0.0.tgz",
      "integrity": "sha512-pDxsUByzL2pxqREwffoQtm4Jk3l4CEX45iNgvsZogVSnhYtgedw2dNDxQNbUwSnRPSHNfLfzeLHG+Isd7zORbA==",
      "dependencies": {
        "ckeditor5": "^36.0.0"
      },
      "engines": {
        "node": ">=14.0.0",
        "npm": ">=5.7.1"
      }
    },
    "node_modules/@ckeditor/ckeditor5-clipboard": {
      "version": "36.0.0",
      "resolved": "https://registry.npmjs.org/@ckeditor/ckeditor5-clipboard/-/ckeditor5-clipboard-36.0.0.tgz",
      "integrity": "sha512-AnxSQQEDsXlHMwEQumbIF9GgBNZzyBafKiHhn90UqAMFF4f8Uk+cmxayf/c4FVTXqTlmh2NpgAVE/BxyJQNSZQ==",
      "dependencies": {
        "@ckeditor/ckeditor5-core": "^36.0.0",
        "@ckeditor/ckeditor5-engine": "^36.0.0",
        "@ckeditor/ckeditor5-utils": "^36.0.0",
        "@ckeditor/ckeditor5-widget": "^36.0.0",
        "lodash-es": "^4.17.11"
      },
      "engines": {
        "node": ">=14.0.0",
        "npm": ">=5.7.1"
      }
    },
    "node_modules/@ckeditor/ckeditor5-cloud-services": {
      "version": "36.0.0",
      "resolved": "https://registry.npmjs.org/@ckeditor/ckeditor5-cloud-services/-/ckeditor5-cloud-services-36.0.0.tgz",
      "integrity": "sha512-Vv/tVhEVir/XHqrw2PHJVa36IhPnFiOWh+m9z4vcX2dZMSMA3YLxvoqBeqhLbGJUiXscrUpijUs7RUtcXvqK7A==",
      "dependencies": {
        "ckeditor5": "^36.0.0"
      },
      "engines": {
        "node": ">=14.0.0",
        "npm": ">=5.7.1"
      }
    },
    "node_modules/@ckeditor/ckeditor5-core": {
      "version": "36.0.0",
      "resolved": "https://registry.npmjs.org/@ckeditor/ckeditor5-core/-/ckeditor5-core-36.0.0.tgz",
      "integrity": "sha512-9UcIryXrbLL+2FGsKiD64mluy09AOmCm4NrfSGAjJa2SHdEGBPvbqXFeyXLuJwiHshQUqgXCqMWHC1HYTMKFoQ==",
      "dependencies": {
        "@ckeditor/ckeditor5-engine": "^36.0.0",
        "@ckeditor/ckeditor5-utils": "^36.0.0",
        "lodash-es": "^4.17.15"
      },
      "engines": {
        "node": ">=14.0.0",
        "npm": ">=5.7.1"
      }
    },
    "node_modules/@ckeditor/ckeditor5-easy-image": {
      "version": "36.0.0",
      "resolved": "https://registry.npmjs.org/@ckeditor/ckeditor5-easy-image/-/ckeditor5-easy-image-36.0.0.tgz",
      "integrity": "sha512-cpdPd/nEX0UqidYbXQSlj4pPcHyRsPqQ3oftRncaHeD4QPkVcSTawa3VEp80DxMoNhFjInw6mdnCAs+mrD345g==",
      "dependencies": {
        "ckeditor5": "^36.0.0"
      },
      "engines": {
        "node": ">=14.0.0",
        "npm": ">=5.7.1"
      }
    },
    "node_modules/@ckeditor/ckeditor5-editor-classic": {
      "version": "36.0.0",
      "resolved": "https://registry.npmjs.org/@ckeditor/ckeditor5-editor-classic/-/ckeditor5-editor-classic-36.0.0.tgz",
      "integrity": "sha512-r/GMueT5IaDVaoZKBvpT1VOuVgBL6FrIuyxNIzf92ODDA/XqstsWBkF7W9/DYzP51IScZv9Gd6m4CnB1bYocaQ==",
      "dependencies": {
        "ckeditor5": "^36.0.0",
        "lodash-es": "^4.17.15"
      },
      "engines": {
        "node": ">=14.0.0",
        "npm": ">=5.7.1"
      }
    },
    "node_modules/@ckeditor/ckeditor5-engine": {
      "version": "36.0.0",
      "resolved": "https://registry.npmjs.org/@ckeditor/ckeditor5-engine/-/ckeditor5-engine-36.0.0.tgz",
      "integrity": "sha512-2Cg2XEWlXjHa6KPlEgpY7jpXjPFSXVEpCsg5v8pXb85UnyP3gnK1mbFo/CsKHisnEWXNdsm5PfExZbMj121Y/w==",
      "dependencies": {
        "@ckeditor/ckeditor5-utils": "^36.0.0",
        "lodash-es": "^4.17.15"
      },
      "engines": {
        "node": ">=14.0.0",
        "npm": ">=5.7.1"
      }
    },
    "node_modules/@ckeditor/ckeditor5-enter": {
      "version": "36.0.0",
      "resolved": "https://registry.npmjs.org/@ckeditor/ckeditor5-enter/-/ckeditor5-enter-36.0.0.tgz",
      "integrity": "sha512-dYAge/4T/R+s/P8Zr2MV+AK4ok2tBKy4dYzitTF1P1HuY1rKAdGJHeXjYqqqi2Qee7MW7JK1kMyhv2c1b1hcog==",
      "dependencies": {
        "@ckeditor/ckeditor5-core": "^36.0.0",
        "@ckeditor/ckeditor5-engine": "^36.0.0"
      },
      "engines": {
        "node": ">=14.0.0",
        "npm": ">=5.7.1"
      }
    },
    "node_modules/@ckeditor/ckeditor5-essentials": {
      "version": "36.0.0",
      "resolved": "https://registry.npmjs.org/@ckeditor/ckeditor5-essentials/-/ckeditor5-essentials-36.0.0.tgz",
      "integrity": "sha512-dSEgsPXDNfYf9NBtlo8jsZ9j0Bg9dsqUBsiY1INd80ZSTAujuUTm5asLJKiyp4gt/t7VDaTuhFi8m7t3V7E+Rw==",
      "dependencies": {
        "ckeditor5": "^36.0.0"
      },
      "engines": {
        "node": ">=14.0.0",
        "npm": ">=5.7.1"
      }
    },
    "node_modules/@ckeditor/ckeditor5-heading": {
      "version": "36.0.0",
      "resolved": "https://registry.npmjs.org/@ckeditor/ckeditor5-heading/-/ckeditor5-heading-36.0.0.tgz",
      "integrity": "sha512-zYitLwpLb1u83qan5B4nY7cQEKeVibJQRPZr1izAyN5Q8fSaPxgIocbFOPCMtlzoRqMIetpd2BTw8bHjTjUX3g==",
      "dependencies": {
        "ckeditor5": "^36.0.0"
      },
      "engines": {
        "node": ">=14.0.0",
        "npm": ">=5.7.1"
      }
    },
    "node_modules/@ckeditor/ckeditor5-image": {
      "version": "36.0.0",
      "resolved": "https://registry.npmjs.org/@ckeditor/ckeditor5-image/-/ckeditor5-image-36.0.0.tgz",
      "integrity": "sha512-wj7vEkfPFODKTeaTHSnjWox3JqYwDWJcu6IDhugdmwtTlXGg8LSDRXOW2y/Koyz58X5nuhDfJFznoZcdW3EHww==",
      "dependencies": {
        "@ckeditor/ckeditor5-ui": "^36.0.0",
        "ckeditor5": "^36.0.0",
        "lodash-es": "^4.17.15"
      },
      "engines": {
        "node": ">=14.0.0",
        "npm": ">=5.7.1"
      }
    },
    "node_modules/@ckeditor/ckeditor5-indent": {
      "version": "36.0.0",
      "resolved": "https://registry.npmjs.org/@ckeditor/ckeditor5-indent/-/ckeditor5-indent-36.0.0.tgz",
      "integrity": "sha512-EwAT4rMf5OpzynM9Jg9BKHSFxzZJ9Fvazn/Uo0hNFFxaCTeFzApvDfOweroaXlxtVXdQClN0z64zJ8m6S++hhA==",
      "dependencies": {
        "ckeditor5": "^36.0.0"
      },
      "engines": {
        "node": ">=14.0.0",
        "npm": ">=5.7.1"
      }
    },
    "node_modules/@ckeditor/ckeditor5-link": {
      "version": "36.0.0",
      "resolved": "https://registry.npmjs.org/@ckeditor/ckeditor5-link/-/ckeditor5-link-36.0.0.tgz",
      "integrity": "sha512-4FupMbquJ5TyC0ZoiayjPJhcV3DagUkCp95bL9xDLTo2O+oZIDhuETT00kw3B8B42KTRPQIHeLI+j4cjOsQAcQ==",
      "dependencies": {
        "@ckeditor/ckeditor5-ui": "^36.0.0",
        "ckeditor5": "^36.0.0",
        "lodash-es": "^4.17.15"
      },
      "engines": {
        "node": ">=14.0.0",
        "npm": ">=5.7.1"
      }
    },
    "node_modules/@ckeditor/ckeditor5-list": {
      "version": "36.0.0",
      "resolved": "https://registry.npmjs.org/@ckeditor/ckeditor5-list/-/ckeditor5-list-36.0.0.tgz",
      "integrity": "sha512-+j9MI5rZt/gQ52W+94gT5+2PDH1qhgIqpc5txvv4GkxINyUxbryf9IBqL5vt7r+LfyObmGKo2DCNLajGk4kc4g==",
      "dependencies": {
        "@ckeditor/ckeditor5-ui": "^36.0.0",
        "ckeditor5": "^36.0.0"
      },
      "engines": {
        "node": ">=14.0.0",
        "npm": ">=5.7.1"
      }
    },
    "node_modules/@ckeditor/ckeditor5-media-embed": {
      "version": "36.0.0",
      "resolved": "https://registry.npmjs.org/@ckeditor/ckeditor5-media-embed/-/ckeditor5-media-embed-36.0.0.tgz",
      "integrity": "sha512-vxp1Os55MEgqIBaOu3ko6pjM0tSz86NIByZDPGAI7B3SmBax5sUc+u9XARazpzUKaBbRtKQH7NMqycg+pp+6zw==",
      "dependencies": {
        "@ckeditor/ckeditor5-ui": "^36.0.0",
        "ckeditor5": "^36.0.0"
      },
      "engines": {
        "node": ">=14.0.0",
        "npm": ">=5.7.1"
      }
    },
    "node_modules/@ckeditor/ckeditor5-paragraph": {
      "version": "36.0.0",
      "resolved": "https://registry.npmjs.org/@ckeditor/ckeditor5-paragraph/-/ckeditor5-paragraph-36.0.0.tgz",
      "integrity": "sha512-c2jisygJBdixUl2SAlOZNK7s6MksM8QBFojWGrW5/xHTNC+snvMXiED0VZkoJom66psVnmOirttm1rDQRKvbtg==",
      "dependencies": {
        "@ckeditor/ckeditor5-core": "^36.0.0",
        "@ckeditor/ckeditor5-ui": "^36.0.0",
        "@ckeditor/ckeditor5-utils": "^36.0.0"
      },
      "engines": {
        "node": ">=14.0.0",
        "npm": ">=5.7.1"
      }
    },
    "node_modules/@ckeditor/ckeditor5-paste-from-office": {
      "version": "36.0.0",
      "resolved": "https://registry.npmjs.org/@ckeditor/ckeditor5-paste-from-office/-/ckeditor5-paste-from-office-36.0.0.tgz",
      "integrity": "sha512-h/iMHKaqf6DZl6XWSujmvFtnQaBBWdeCftxfchG1CqtlFdvAa+LHxPt3va/ZtUtuR4vONHRpsCTFmEGskpsZvw==",
      "dependencies": {
        "ckeditor5": "^36.0.0"
      },
      "engines": {
        "node": ">=14.0.0",
        "npm": ">=5.7.1"
      }
    },
    "node_modules/@ckeditor/ckeditor5-select-all": {
      "version": "36.0.0",
      "resolved": "https://registry.npmjs.org/@ckeditor/ckeditor5-select-all/-/ckeditor5-select-all-36.0.0.tgz",
      "integrity": "sha512-F0i3aX0lGbnBSU90HzW27np2g9uwrYHJMXBF62fQd1BHbsC0NKC0B60dRB5dsnwOEG+h8OBAekNedO3OwirDfA==",
      "dependencies": {
        "@ckeditor/ckeditor5-core": "^36.0.0",
        "@ckeditor/ckeditor5-ui": "^36.0.0",
        "@ckeditor/ckeditor5-utils": "^36.0.0"
      },
      "engines": {
        "node": ">=14.0.0",
        "npm": ">=5.7.1"
      }
    },
    "node_modules/@ckeditor/ckeditor5-table": {
      "version": "36.0.0",
      "resolved": "https://registry.npmjs.org/@ckeditor/ckeditor5-table/-/ckeditor5-table-36.0.0.tgz",
      "integrity": "sha512-R9YUmHDQIpQphwliFqt8mOt0QAzBx+sjRF8BuLGkzD7Wfj7sapny/uq/sWMhgdw+eZvHoeLFC9wm+9wKtK+MXg==",
      "dependencies": {
        "ckeditor5": "^36.0.0",
        "lodash-es": "^4.17.15"
      },
      "engines": {
        "node": ">=14.0.0",
        "npm": ">=5.7.1"
      }
    },
    "node_modules/@ckeditor/ckeditor5-typing": {
      "version": "36.0.0",
      "resolved": "https://registry.npmjs.org/@ckeditor/ckeditor5-typing/-/ckeditor5-typing-36.0.0.tgz",
      "integrity": "sha512-jFYC0M6QR+DhYpfN/UIJk8iSNJRsondk/xrdJ5YPoa4kMfzZCZvL0lcM0knKzxxlSBP28wn9zXvrQFEgCdaGQA==",
      "dependencies": {
        "@ckeditor/ckeditor5-core": "^36.0.0",
        "@ckeditor/ckeditor5-engine": "^36.0.0",
        "@ckeditor/ckeditor5-utils": "^36.0.0",
        "lodash-es": "^4.17.15"
      },
      "engines": {
        "node": ">=14.0.0",
        "npm": ">=5.7.1"
      }
    },
    "node_modules/@ckeditor/ckeditor5-ui": {
      "version": "36.0.0",
      "resolved": "https://registry.npmjs.org/@ckeditor/ckeditor5-ui/-/ckeditor5-ui-36.0.0.tgz",
      "integrity": "sha512-r7tCKG2VXt9S7S4FvGcvIdNJcijGskfXztg65C9AR1VbwOpP6r6QMgQhd9EtUr2r273PlYxxQ8/i1LXE+RvfGg==",
      "dependencies": {
        "@ckeditor/ckeditor5-core": "^36.0.0",
        "@ckeditor/ckeditor5-utils": "^36.0.0",
        "lodash-es": "^4.17.15"
      },
      "engines": {
        "node": ">=14.0.0",
        "npm": ">=5.7.1"
      }
    },
    "node_modules/@ckeditor/ckeditor5-undo": {
      "version": "36.0.0",
      "resolved": "https://registry.npmjs.org/@ckeditor/ckeditor5-undo/-/ckeditor5-undo-36.0.0.tgz",
      "integrity": "sha512-8xgIioHR/CLY/bLzEDV0Eq+qCyKFw01YBMB+mEz10iYBSl/yVFIM+9f4qNh3B6VlutHhweqWZc5sj8fJJq5rxw==",
      "dependencies": {
        "@ckeditor/ckeditor5-core": "^36.0.0",
        "@ckeditor/ckeditor5-engine": "^36.0.0",
        "@ckeditor/ckeditor5-ui": "^36.0.0"
      },
      "engines": {
        "node": ">=14.0.0",
        "npm": ">=5.7.1"
      }
    },
    "node_modules/@ckeditor/ckeditor5-upload": {
      "version": "36.0.0",
      "resolved": "https://registry.npmjs.org/@ckeditor/ckeditor5-upload/-/ckeditor5-upload-36.0.0.tgz",
      "integrity": "sha512-LkPrR2pMQYBmg1v/hDYVc2HI+eRJl0XCdcfZxZbjryIB8M31oKP0mfEOMpwqfMk5G4dKd9AwRrdL10CEfgj1Gw==",
      "dependencies": {
        "@ckeditor/ckeditor5-core": "^36.0.0",
        "@ckeditor/ckeditor5-ui": "^36.0.0",
        "@ckeditor/ckeditor5-utils": "^36.0.0"
      },
      "engines": {
        "node": ">=14.0.0",
        "npm": ">=5.7.1"
      }
    },
    "node_modules/@ckeditor/ckeditor5-utils": {
      "version": "36.0.0",
      "resolved": "https://registry.npmjs.org/@ckeditor/ckeditor5-utils/-/ckeditor5-utils-36.0.0.tgz",
      "integrity": "sha512-V+i2jsW13Pg9T5SZK9BvoQ3r/SqCNSYYU3Ag4wvzxcgPDmkxifAaIDomw2ePvEt1f+6Aisvhdl0+WHOqwHvMcw==",
      "dependencies": {
        "lodash-es": "^4.17.15"
      },
      "engines": {
        "node": ">=14.0.0",
        "npm": ">=5.7.1"
      }
    },
    "node_modules/@ckeditor/ckeditor5-widget": {
      "version": "36.0.0",
      "resolved": "https://registry.npmjs.org/@ckeditor/ckeditor5-widget/-/ckeditor5-widget-36.0.0.tgz",
      "integrity": "sha512-dPVThie+0VUsMok8w1VFjhjUE3GtSBOBHOg7J/1PdSzOj/ZhgnkfDULns/oo7txe2+FjQW+npVK8IwsZwMzwLA==",
      "dependencies": {
        "@ckeditor/ckeditor5-core": "^36.0.0",
        "@ckeditor/ckeditor5-engine": "^36.0.0",
        "@ckeditor/ckeditor5-enter": "^36.0.0",
        "@ckeditor/ckeditor5-typing": "^36.0.0",
        "@ckeditor/ckeditor5-ui": "^36.0.0",
        "@ckeditor/ckeditor5-utils": "^36.0.0",
        "lodash-es": "^4.17.15"
      },
      "engines": {
        "node": ">=14.0.0",
        "npm": ">=5.7.1"
      }
    },
    "node_modules/ckeditor5": {
      "version": "36.0.0",
      "resolved": "https://registry.npmjs.org/ckeditor5/-/ckeditor5-36.0.0.tgz",
      "integrity": "sha512-KcQE1d7+Lp0wlhfjPSWko/WhfZldHsVxbQ93Vmw7yRV7GXy4XNjngl/4ocbSCS2je8nzZWuT9hi0pp6bZMs4Ng==",
      "dependencies": {
        "@ckeditor/ckeditor5-clipboard": "^36.0.0",
        "@ckeditor/ckeditor5-core": "^36.0.0",
        "@ckeditor/ckeditor5-engine": "^36.0.0",
        "@ckeditor/ckeditor5-enter": "^36.0.0",
        "@ckeditor/ckeditor5-paragraph": "^36.0.0",
        "@ckeditor/ckeditor5-select-all": "^36.0.0",
        "@ckeditor/ckeditor5-typing": "^36.0.0",
        "@ckeditor/ckeditor5-ui": "^36.0.0",
        "@ckeditor/ckeditor5-undo": "^36.0.0",
        "@ckeditor/ckeditor5-upload": "^36.0.0",
        "@ckeditor/ckeditor5-utils": "^36.0.0",
        "@ckeditor/ckeditor5-widget": "^36.0.0"
      },
      "engines": {
        "node": ">=14.0.0",
        "npm": ">=5.7.1"
      }
    },
    "node_modules/lodash-es": {
      "version": "4.17.21",
      "resolved": "https://registry.npmjs.org/lodash-es/-/lodash-es-4.17.21.tgz",
      "integrity": "sha512-mKnC+QJ9pWVzv+C4/U3rRsHapFfHvQFoFB92e52xeyGMcX6/OlIl78je1u8vePzYZSkkogMPJ2yjxxsb89cxyw=="
    }
  },
  "dependencies": {
    "@ckeditor/ckeditor5-adapter-ckfinder": {
      "version": "36.0.0",
      "resolved": "https://registry.npmjs.org/@ckeditor/ckeditor5-adapter-ckfinder/-/ckeditor5-adapter-ckfinder-36.0.0.tgz",
      "integrity": "sha512-9tDrS+8LV3PQDxvCI7lGKmqSAd7Mdd8b2KYgR8jyDwWmLlhUMZbNFsTJfHlYh4cBTrKGh4qkaw6I0fyEHPMrMg==",
      "requires": {
        "ckeditor5": "^36.0.0"
      }
    },
    "@ckeditor/ckeditor5-alignment": {
      "version": "36.0.0",
      "resolved": "https://registry.npmjs.org/@ckeditor/ckeditor5-alignment/-/ckeditor5-alignment-36.0.0.tgz",
      "integrity": "sha512-AW0naurc2JIHgNCWhQjJCBVdKxoVgZQQ0ALqHMPMApPe4o3BBU6jTF6e3+E/J92iwyN3acIfWU16fyS7h0eRsA==",
      "requires": {
        "ckeditor5": "^36.0.0"
      }
    },
    "@ckeditor/ckeditor5-autoformat": {
      "version": "36.0.0",
      "resolved": "https://registry.npmjs.org/@ckeditor/ckeditor5-autoformat/-/ckeditor5-autoformat-36.0.0.tgz",
      "integrity": "sha512-M4yi6ltvNjfNuqQJUwJpobmzpe8InowCymvWQmv0fOLZNO4QWYZ22WoBKY4blw2A7PePeJbaGhbDWusU5PWHEw==",
      "requires": {
        "ckeditor5": "^36.0.0"
      }
    },
    "@ckeditor/ckeditor5-basic-styles": {
      "version": "36.0.0",
      "resolved": "https://registry.npmjs.org/@ckeditor/ckeditor5-basic-styles/-/ckeditor5-basic-styles-36.0.0.tgz",
      "integrity": "sha512-bU+XLQSSmsDRRgAfzPyi9nKaF4m4WbvvsKQEXqeybbgR6T+eX1gf7s0mwyPCqu4SJWZapHPd2/t27kWd5Ve5yw==",
      "requires": {
        "ckeditor5": "^36.0.0"
      }
    },
    "@ckeditor/ckeditor5-block-quote": {
      "version": "36.0.0",
      "resolved": "https://registry.npmjs.org/@ckeditor/ckeditor5-block-quote/-/ckeditor5-block-quote-36.0.0.tgz",
      "integrity": "sha512-vKUYMjgBQ3lA4vKLi5kM6vNR1qt8cS5JA5EHPjXH6UmISoTduh2yRn5mJsNIrLSv3ZCMXJE+Pvkp2iH9O3fSiA==",
      "requires": {
        "ckeditor5": "^36.0.0"
      }
    },
    "@ckeditor/ckeditor5-build-classic": {
      "version": "36.0.0",
      "resolved": "https://registry.npmjs.org/@ckeditor/ckeditor5-build-classic/-/ckeditor5-build-classic-36.0.0.tgz",
      "integrity": "sha512-s49FMHqR1ThHHb3YPwBa+X6IIMLxw/mIKnD9jiJtmKQsEelNcp15TCeU7FoI8MD2xMgS6RfyNOtQ0ZBtmlkL0Q==",
      "requires": {
        "@ckeditor/ckeditor5-adapter-ckfinder": "^36.0.0",
        "@ckeditor/ckeditor5-autoformat": "^36.0.0",
        "@ckeditor/ckeditor5-basic-styles": "^36.0.0",
        "@ckeditor/ckeditor5-block-quote": "^36.0.0",
        "@ckeditor/ckeditor5-ckbox": "^36.0.0",
        "@ckeditor/ckeditor5-ckfinder": "^36.0.0",
        "@ckeditor/ckeditor5-cloud-services": "^36.0.0",
        "@ckeditor/ckeditor5-easy-image": "^36.0.0",
        "@ckeditor/ckeditor5-editor-classic": "^36.0.0",
        "@ckeditor/ckeditor5-essentials": "^36.0.0",
        "@ckeditor/ckeditor5-heading": "^36.0.0",
        "@ckeditor/ckeditor5-image": "^36.0.0",
        "@ckeditor/ckeditor5-indent": "^36.0.0",
        "@ckeditor/ckeditor5-link": "^36.0.0",
        "@ckeditor/ckeditor5-list": "^36.0.0",
        "@ckeditor/ckeditor5-media-embed": "^36.0.0",
        "@ckeditor/ckeditor5-paragraph": "^36.0.0",
        "@ckeditor/ckeditor5-paste-from-office": "^36.0.0",
        "@ckeditor/ckeditor5-table": "^36.0.0",
        "@ckeditor/ckeditor5-typing": "^36.0.0"
      }
    },
    "@ckeditor/ckeditor5-ckbox": {
      "version": "36.0.0",
      "resolved": "https://registry.npmjs.org/@ckeditor/ckeditor5-ckbox/-/ckeditor5-ckbox-36.0.0.tgz",
      "integrity": "sha512-Umj2i7vP4mFzkRKb/OqWKYcSfCZTn1bXGE9zvKNyoKBu0WmHFToIPRJi/gajzrGYpeaMJZkJ300UFLRKgihrjg==",
      "requires": {
        "ckeditor5": "^36.0.0"
      }
    },
    "@ckeditor/ckeditor5-ckfinder": {
      "version": "36.0.0",
      "resolved": "https://registry.npmjs.org/@ckeditor/ckeditor5-ckfinder/-/ckeditor5-ckfinder-36.0.0.tgz",
      "integrity": "sha512-pDxsUByzL2pxqREwffoQtm4Jk3l4CEX45iNgvsZogVSnhYtgedw2dNDxQNbUwSnRPSHNfLfzeLHG+Isd7zORbA==",
      "requires": {
        "ckeditor5": "^36.0.0"
      }
    },
    "@ckeditor/ckeditor5-clipboard": {
      "version": "36.0.0",
      "resolved": "https://registry.npmjs.org/@ckeditor/ckeditor5-clipboard/-/ckeditor5-clipboard-36.0.0.tgz",
      "integrity": "sha512-AnxSQQEDsXlHMwEQumbIF9GgBNZzyBafKiHhn90UqAMFF4f8Uk+cmxayf/c4FVTXqTlmh2NpgAVE/BxyJQNSZQ==",
      "requires": {
        "@ckeditor/ckeditor5-core": "^36.0.0",
        "@ckeditor/ckeditor5-engine": "^36.0.0",
        "@ckeditor/ckeditor5-utils": "^36.0.0",
        "@ckeditor/ckeditor5-widget": "^36.0.0",
        "lodash-es": "^4.17.11"
      }
    },
    "@ckeditor/ckeditor5-cloud-services": {
      "version": "36.0.0",
      "resolved": "https://registry.npmjs.org/@ckeditor/ckeditor5-cloud-services/-/ckeditor5-cloud-services-36.0.0.tgz",
      "integrity": "sha512-Vv/tVhEVir/XHqrw2PHJVa36IhPnFiOWh+m9z4vcX2dZMSMA3YLxvoqBeqhLbGJUiXscrUpijUs7RUtcXvqK7A==",
      "requires": {
        "ckeditor5": "^36.0.0"
      }
    },
    "@ckeditor/ckeditor5-core": {
      "version": "36.0.0",
      "resolved": "https://registry.npmjs.org/@ckeditor/ckeditor5-core/-/ckeditor5-core-36.0.0.tgz",
      "integrity": "sha512-9UcIryXrbLL+2FGsKiD64mluy09AOmCm4NrfSGAjJa2SHdEGBPvbqXFeyXLuJwiHshQUqgXCqMWHC1HYTMKFoQ==",
      "requires": {
        "@ckeditor/ckeditor5-engine": "^36.0.0",
        "@ckeditor/ckeditor5-utils": "^36.0.0",
        "lodash-es": "^4.17.15"
      }
    },
    "@ckeditor/ckeditor5-easy-image": {
      "version": "36.0.0",
      "resolved": "https://registry.npmjs.org/@ckeditor/ckeditor5-easy-image/-/ckeditor5-easy-image-36.0.0.tgz",
      "integrity": "sha512-cpdPd/nEX0UqidYbXQSlj4pPcHyRsPqQ3oftRncaHeD4QPkVcSTawa3VEp80DxMoNhFjInw6mdnCAs+mrD345g==",
      "requires": {
        "ckeditor5": "^36.0.0"
      }
    },
    "@ckeditor/ckeditor5-editor-classic": {
      "version": "36.0.0",
      "resolved": "https://registry.npmjs.org/@ckeditor/ckeditor5-editor-classic/-/ckeditor5-editor-classic-36.0.0.tgz",
      "integrity": "sha512-r/GMueT5IaDVaoZKBvpT1VOuVgBL6FrIuyxNIzf92ODDA/XqstsWBkF7W9/DYzP51IScZv9Gd6m4CnB1bYocaQ==",
      "requires": {
        "ckeditor5": "^36.0.0",
        "lodash-es": "^4.17.15"
      }
    },
    "@ckeditor/ckeditor5-engine": {
      "version": "36.0.0",
      "resolved": "https://registry.npmjs.org/@ckeditor/ckeditor5-engine/-/ckeditor5-engine-36.0.0.tgz",
      "integrity": "sha512-2Cg2XEWlXjHa6KPlEgpY7jpXjPFSXVEpCsg5v8pXb85UnyP3gnK1mbFo/CsKHisnEWXNdsm5PfExZbMj121Y/w==",
      "requires": {
        "@ckeditor/ckeditor5-utils": "^36.0.0",
        "lodash-es": "^4.17.15"
      }
    },
    "@ckeditor/ckeditor5-enter": {
      "version": "36.0.0",
      "resolved": "https://registry.npmjs.org/@ckeditor/ckeditor5-enter/-/ckeditor5-enter-36.0.0.tgz",
      "integrity": "sha512-dYAge/4T/R+s/P8Zr2MV+AK4ok2tBKy4dYzitTF1P1HuY1rKAdGJHeXjYqqqi2Qee7MW7JK1kMyhv2c1b1hcog==",
      "requires": {
        "@ckeditor/ckeditor5-core": "^36.0.0",
        "@ckeditor/ckeditor5-engine": "^36.0.0"
      }
    },
    "@ckeditor/ckeditor5-essentials": {
      "version": "36.0.0",
      "resolved": "https://registry.npmjs.org/@ckeditor/ckeditor5-essentials/-/ckeditor5-essentials-36.0.0.tgz",
      "integrity": "sha512-dSEgsPXDNfYf9NBtlo8jsZ9j0Bg9dsqUBsiY1INd80ZSTAujuUTm5asLJKiyp4gt/t7VDaTuhFi8m7t3V7E+Rw==",
      "requires": {
        "ckeditor5": "^36.0.0"
      }
    },
    "@ckeditor/ckeditor5-heading": {
      "version": "36.0.0",
      "resolved": "https://registry.npmjs.org/@ckeditor/ckeditor5-heading/-/ckeditor5-heading-36.0.0.tgz",
      "integrity": "sha512-zYitLwpLb1u83qan5B4nY7cQEKeVibJQRPZr1izAyN5Q8fSaPxgIocbFOPCMtlzoRqMIetpd2BTw8bHjTjUX3g==",
      "requires": {
        "ckeditor5": "^36.0.0"
      }
    },
    "@ckeditor/ckeditor5-image": {
      "version": "36.0.0",
      "resolved": "https://registry.npmjs.org/@ckeditor/ckeditor5-image/-/ckeditor5-image-36.0.0.tgz",
      "integrity": "sha512-wj7vEkfPFODKTeaTHSnjWox3JqYwDWJcu6IDhugdmwtTlXGg8LSDRXOW2y/Koyz58X5nuhDfJFznoZcdW3EHww==",
      "requires": {
        "@ckeditor/ckeditor5-ui": "^36.0.0",
        "ckeditor5": "^36.0.0",
        "lodash-es": "^4.17.15"
      }
    },
    "@ckeditor/ckeditor5-indent": {
      "version": "36.0.0",
      "resolved": "https://registry.npmjs.org/@ckeditor/ckeditor5-indent/-/ckeditor5-indent-36.0.0.tgz",
      "integrity": "sha512-EwAT4rMf5OpzynM9Jg9BKHSFxzZJ9Fvazn/Uo0hNFFxaCTeFzApvDfOweroaXlxtVXdQClN0z64zJ8m6S++hhA==",
      "requires": {
        "ckeditor5": "^36.0.0"
      }
    },
    "@ckeditor/ckeditor5-link": {
      "version": "36.0.0",
      "resolved": "https://registry.npmjs.org/@ckeditor/ckeditor5-link/-/ckeditor5-link-36.0.0.tgz",
      "integrity": "sha512-4FupMbquJ5TyC0ZoiayjPJhcV3DagUkCp95bL9xDLTo2O+oZIDhuETT00kw3B8B42KTRPQIHeLI+j4cjOsQAcQ==",
      "requires": {
        "@ckeditor/ckeditor5-ui": "^36.0.0",
        "ckeditor5": "^36.0.0",
        "lodash-es": "^4.17.15"
      }
    },
    "@ckeditor/ckeditor5-list": {
      "version": "36.0.0",
      "resolved": "https://registry.npmjs.org/@ckeditor/ckeditor5-list/-/ckeditor5-list-36.0.0.tgz",
      "integrity": "sha512-+j9MI5rZt/gQ52W+94gT5+2PDH1qhgIqpc5txvv4GkxINyUxbryf9IBqL5vt7r+LfyObmGKo2DCNLajGk4kc4g==",
      "requires": {
        "@ckeditor/ckeditor5-ui": "^36.0.0",
        "ckeditor5": "^36.0.0"
      }
    },
    "@ckeditor/ckeditor5-media-embed": {
      "version": "36.0.0",
      "resolved": "https://registry.npmjs.org/@ckeditor/ckeditor5-media-embed/-/ckeditor5-media-embed-36.0.0.tgz",
      "integrity": "sha512-vxp1Os55MEgqIBaOu3ko6pjM0tSz86NIByZDPGAI7B3SmBax5sUc+u9XARazpzUKaBbRtKQH7NMqycg+pp+6zw==",
      "requires": {
        "@ckeditor/ckeditor5-ui": "^36.0.0",
        "ckeditor5": "^36.0.0"
      }
    },
    "@ckeditor/ckeditor5-paragraph": {
      "version": "36.0.0",
      "resolved": "https://registry.npmjs.org/@ckeditor/ckeditor5-paragraph/-/ckeditor5-paragraph-36.0.0.tgz",
      "integrity": "sha512-c2jisygJBdixUl2SAlOZNK7s6MksM8QBFojWGrW5/xHTNC+snvMXiED0VZkoJom66psVnmOirttm1rDQRKvbtg==",
      "requires": {
        "@ckeditor/ckeditor5-core": "^36.0.0",
        "@ckeditor/ckeditor5-ui": "^36.0.0",
        "@ckeditor/ckeditor5-utils": "^36.0.0"
      }
    },
    "@ckeditor/ckeditor5-paste-from-office": {
      "version": "36.0.0",
      "resolved": "https://registry.npmjs.org/@ckeditor/ckeditor5-paste-from-office/-/ckeditor5-paste-from-office-36.0.0.tgz",
      "integrity": "sha512-h/iMHKaqf6DZl6XWSujmvFtnQaBBWdeCftxfchG1CqtlFdvAa+LHxPt3va/ZtUtuR4vONHRpsCTFmEGskpsZvw==",
      "requires": {
        "ckeditor5": "^36.0.0"
      }
    },
    "@ckeditor/ckeditor5-select-all": {
      "version": "36.0.0",
      "resolved": "https://registry.npmjs.org/@ckeditor/ckeditor5-select-all/-/ckeditor5-select-all-36.0.0.tgz",
      "integrity": "sha512-F0i3aX0lGbnBSU90HzW27np2g9uwrYHJMXBF62fQd1BHbsC0NKC0B60dRB5dsnwOEG+h8OBAekNedO3OwirDfA==",
      "requires": {
        "@ckeditor/ckeditor5-core": "^36.0.0",
        "@ckeditor/ckeditor5-ui": "^36.0.0",
        "@ckeditor/ckeditor5-utils": "^36.0.0"
      }
    },
    "@ckeditor/ckeditor5-table": {
      "version": "36.0.0",
      "resolved": "https://registry.npmjs.org/@ckeditor/ckeditor5-table/-/ckeditor5-table-36.0.0.tgz",
      "integrity": "sha512-R9YUmHDQIpQphwliFqt8mOt0QAzBx+sjRF8BuLGkzD7Wfj7sapny/uq/sWMhgdw+eZvHoeLFC9wm+9wKtK+MXg==",
      "requires": {
        "ckeditor5": "^36.0.0",
        "lodash-es": "^4.17.15"
      }
    },
    "@ckeditor/ckeditor5-typing": {
      "version": "36.0.0",
      "resolved": "https://registry.npmjs.org/@ckeditor/ckeditor5-typing/-/ckeditor5-typing-36.0.0.tgz",
      "integrity": "sha512-jFYC0M6QR+DhYpfN/UIJk8iSNJRsondk/xrdJ5YPoa4kMfzZCZvL0lcM0knKzxxlSBP28wn9zXvrQFEgCdaGQA==",
      "requires": {
        "@ckeditor/ckeditor5-core": "^36.0.0",
        "@ckeditor/ckeditor5-engine": "^36.0.0",
        "@ckeditor/ckeditor5-utils": "^36.0.0",
        "lodash-es": "^4.17.15"
      }
    },
    "@ckeditor/ckeditor5-ui": {
      "version": "36.0.0",
      "resolved": "https://registry.npmjs.org/@ckeditor/ckeditor5-ui/-/ckeditor5-ui-36.0.0.tgz",
      "integrity": "sha512-r7tCKG2VXt9S7S4FvGcvIdNJcijGskfXztg65C9AR1VbwOpP6r6QMgQhd9EtUr2r273PlYxxQ8/i1LXE+RvfGg==",
      "requires": {
        "@ckeditor/ckeditor5-core": "^36.0.0",
        "@ckeditor/ckeditor5-utils": "^36.0.0",
        "lodash-es": "^4.17.15"
      }
    },
    "@ckeditor/ckeditor5-undo": {
      "version": "36.0.0",
      "resolved": "https://registry.npmjs.org/@ckeditor/ckeditor5-undo/-/ckeditor5-undo-36.0.0.tgz",
      "integrity": "sha512-8xgIioHR/CLY/bLzEDV0Eq+qCyKFw01YBMB+mEz10iYBSl/yVFIM+9f4qNh3B6VlutHhweqWZc5sj8fJJq5rxw==",
      "requires": {
        "@ckeditor/ckeditor5-core": "^36.0.0",
        "@ckeditor/ckeditor5-engine": "^36.0.0",
        "@ckeditor/ckeditor5-ui": "^36.0.0"
      }
    },
    "@ckeditor/ckeditor5-upload": {
      "version": "36.0.0",
      "resolved": "https://registry.npmjs.org/@ckeditor/ckeditor5-upload/-/ckeditor5-upload-36.0.0.tgz",
      "integrity": "sha512-LkPrR2pMQYBmg1v/hDYVc2HI+eRJl0XCdcfZxZbjryIB8M31oKP0mfEOMpwqfMk5G4dKd9AwRrdL10CEfgj1Gw==",
      "requires": {
        "@ckeditor/ckeditor5-core": "^36.0.0",
        "@ckeditor/ckeditor5-ui": "^36.0.0",
        "@ckeditor/ckeditor5-utils": "^36.0.0"
      }
    },
    "@ckeditor/ckeditor5-utils": {
      "version": "36.0.0",
      "resolved": "https://registry.npmjs.org/@ckeditor/ckeditor5-utils/-/ckeditor5-utils-36.0.0.tgz",
      "integrity": "sha512-V+i2jsW13Pg9T5SZK9BvoQ3r/SqCNSYYU3Ag4wvzxcgPDmkxifAaIDomw2ePvEt1f+6Aisvhdl0+WHOqwHvMcw==",
      "requires": {
        "lodash-es": "^4.17.15"
      }
    },
    "@ckeditor/ckeditor5-widget": {
      "version": "36.0.0",
      "resolved": "https://registry.npmjs.org/@ckeditor/ckeditor5-widget/-/ckeditor5-widget-36.0.0.tgz",
      "integrity": "sha512-dPVThie+0VUsMok8w1VFjhjUE3GtSBOBHOg7J/1PdSzOj/ZhgnkfDULns/oo7txe2+FjQW+npVK8IwsZwMzwLA==",
      "requires": {
        "@ckeditor/ckeditor5-core": "^36.0.0",
        "@ckeditor/ckeditor5-engine": "^36.0.0",
        "@ckeditor/ckeditor5-enter": "^36.0.0",
        "@ckeditor/ckeditor5-typing": "^36.0.0",
        "@ckeditor/ckeditor5-ui": "^36.0.0",
        "@ckeditor/ckeditor5-utils": "^36.0.0",
        "lodash-es": "^4.17.15"
      }
    },
    "ckeditor5": {
      "version": "36.0.0",
      "resolved": "https://registry.npmjs.org/ckeditor5/-/ckeditor5-36.0.0.tgz",
      "integrity": "sha512-KcQE1d7+Lp0wlhfjPSWko/WhfZldHsVxbQ93Vmw7yRV7GXy4XNjngl/4ocbSCS2je8nzZWuT9hi0pp6bZMs4Ng==",
      "requires": {
        "@ckeditor/ckeditor5-clipboard": "^36.0.0",
        "@ckeditor/ckeditor5-core": "^36.0.0",
        "@ckeditor/ckeditor5-engine": "^36.0.0",
        "@ckeditor/ckeditor5-enter": "^36.0.0",
        "@ckeditor/ckeditor5-paragraph": "^36.0.0",
        "@ckeditor/ckeditor5-select-all": "^36.0.0",
        "@ckeditor/ckeditor5-typing": "^36.0.0",
        "@ckeditor/ckeditor5-ui": "^36.0.0",
        "@ckeditor/ckeditor5-undo": "^36.0.0",
        "@ckeditor/ckeditor5-upload": "^36.0.0",
        "@ckeditor/ckeditor5-utils": "^36.0.0",
        "@ckeditor/ckeditor5-widget": "^36.0.0"
      }
    },
    "lodash-es": {
      "version": "4.17.21",
      "resolved": "https://registry.npmjs.org/lodash-es/-/lodash-es-4.17.21.tgz",
      "integrity": "sha512-mKnC+QJ9pWVzv+C4/U3rRsHapFfHvQFoFB92e52xeyGMcX6/OlIl78je1u8vePzYZSkkogMPJ2yjxxsb89cxyw=="
    }
  }
}
